// !$*UTF8*$!
{
	archiveVersion = 1;
	classes = {
	};
	objectVersion = 46;
	objects = {

/* Begin PBXBuildFile section */
		70177616DEC5CD3339CD96D2 /* Pods_YourLocalWeather.framework in Frameworks */ = {isa = PBXBuildFile; fileRef = D7AD6316CFCA4EDECCB9C777 /* Pods_YourLocalWeather.framework */; };
		B0334CD41CC9AB0500181CAE /* weather.swift in Sources */ = {isa = PBXBuildFile; fileRef = B0334CD31CC9AB0500181CAE /* weather.swift */; };
		B0334CD61CC9B70D00181CAE /* constants.swift in Sources */ = {isa = PBXBuildFile; fileRef = B0334CD51CC9B70D00181CAE /* constants.swift */; };
		B0689B091CC6F17900772EE8 /* AppDelegate.swift in Sources */ = {isa = PBXBuildFile; fileRef = B0689B081CC6F17900772EE8 /* AppDelegate.swift */; };
		B0689B0B1CC6F17900772EE8 /* ViewController.swift in Sources */ = {isa = PBXBuildFile; fileRef = B0689B0A1CC6F17900772EE8 /* ViewController.swift */; };
		B0689B0E1CC6F17900772EE8 /* Main.storyboard in Resources */ = {isa = PBXBuildFile; fileRef = B0689B0C1CC6F17900772EE8 /* Main.storyboard */; };
		B0689B111CC6F17900772EE8 /* YourLocalWeather.xcdatamodeld in Sources */ = {isa = PBXBuildFile; fileRef = B0689B0F1CC6F17900772EE8 /* YourLocalWeather.xcdatamodeld */; };
		B0689B131CC6F17900772EE8 /* Assets.xcassets in Resources */ = {isa = PBXBuildFile; fileRef = B0689B121CC6F17900772EE8 /* Assets.xcassets */; };
		B0689B161CC6F17900772EE8 /* LaunchScreen.storyboard in Resources */ = {isa = PBXBuildFile; fileRef = B0689B141CC6F17900772EE8 /* LaunchScreen.storyboard */; };
/* End PBXBuildFile section */

/* Begin PBXFileReference section */
		6D3B83DE39EC7E1F57C30250 /* Pods-YourLocalWeather.release.xcconfig */ = {isa = PBXFileReference; includeInIndex = 1; lastKnownFileType = text.xcconfig; name = "Pods-YourLocalWeather.release.xcconfig"; path = "Pods/Target Support Files/Pods-YourLocalWeather/Pods-YourLocalWeather.release.xcconfig"; sourceTree = "<group>"; };
		B0334CD31CC9AB0500181CAE /* weather.swift */ = {isa = PBXFileReference; fileEncoding = 4; lastKnownFileType = sourcecode.swift; path = weather.swift; sourceTree = "<group>"; };
		B0334CD51CC9B70D00181CAE /* constants.swift */ = {isa = PBXFileReference; fileEncoding = 4; lastKnownFileType = sourcecode.swift; path = constants.swift; sourceTree = "<group>"; };
		B0689B051CC6F17900772EE8 /* YourLocalWeather.app */ = {isa = PBXFileReference; explicitFileType = wrapper.application; includeInIndex = 0; path = YourLocalWeather.app; sourceTree = BUILT_PRODUCTS_DIR; };
		B0689B081CC6F17900772EE8 /* AppDelegate.swift */ = {isa = PBXFileReference; lastKnownFileType = sourcecode.swift; path = AppDelegate.swift; sourceTree = "<group>"; };
		B0689B0A1CC6F17900772EE8 /* ViewController.swift */ = {isa = PBXFileReference; lastKnownFileType = sourcecode.swift; path = ViewController.swift; sourceTree = "<group>"; };
		B0689B0D1CC6F17900772EE8 /* Base */ = {isa = PBXFileReference; lastKnownFileType = file.storyboard; name = Base; path = Base.lproj/Main.storyboard; sourceTree = "<group>"; };
		B0689B101CC6F17900772EE8 /* YourLocalWeather.xcdatamodel */ = {isa = PBXFileReference; lastKnownFileType = wrapper.xcdatamodel; path = YourLocalWeather.xcdatamodel; sourceTree = "<group>"; };
		B0689B121CC6F17900772EE8 /* Assets.xcassets */ = {isa = PBXFileReference; lastKnownFileType = folder.assetcatalog; path = Assets.xcassets; sourceTree = "<group>"; };
		B0689B151CC6F17900772EE8 /* Base */ = {isa = PBXFileReference; lastKnownFileType = file.storyboard; name = Base; path = Base.lproj/LaunchScreen.storyboard; sourceTree = "<group>"; };
		B0689B171CC6F17900772EE8 /* Info.plist */ = {isa = PBXFileReference; lastKnownFileType = text.plist.xml; path = Info.plist; sourceTree = "<group>"; };
		D7AD6316CFCA4EDECCB9C777 /* Pods_YourLocalWeather.framework */ = {isa = PBXFileReference; explicitFileType = wrapper.framework; includeInIndex = 0; path = Pods_YourLocalWeather.framework; sourceTree = BUILT_PRODUCTS_DIR; };
		E148B1866B05E21C1BC73DA8 /* Pods-YourLocalWeather.debug.xcconfig */ = {isa = PBXFileReference; includeInIndex = 1; lastKnownFileType = text.xcconfig; name = "Pods-YourLocalWeather.debug.xcconfig"; path = "Pods/Target Support Files/Pods-YourLocalWeather/Pods-YourLocalWeather.debug.xcconfig"; sourceTree = "<group>"; };
/* End PBXFileReference section */

/* Begin PBXFrameworksBuildPhase section */
		B0689B021CC6F17900772EE8 /* Frameworks */ = {
			isa = PBXFrameworksBuildPhase;
			buildActionMask = 2147483647;
			files = (
				70177616DEC5CD3339CD96D2 /* Pods_YourLocalWeather.framework in Frameworks */,
			);
			runOnlyForDeploymentPostprocessing = 0;
		};
/* End PBXFrameworksBuildPhase section */

/* Begin PBXGroup section */
		11276ECB697DFCC333CD282C /* Pods */ = {
			isa = PBXGroup;
			children = (
				E148B1866B05E21C1BC73DA8 /* Pods-YourLocalWeather.debug.xcconfig */,
				6D3B83DE39EC7E1F57C30250 /* Pods-YourLocalWeather.release.xcconfig */,
			);
			name = Pods;
			sourceTree = "<group>";
		};
		301507DD737EC5F4DDC50F8E /* Frameworks */ = {
			isa = PBXGroup;
			children = (
				D7AD6316CFCA4EDECCB9C777 /* Pods_YourLocalWeather.framework */,
			);
			name = Frameworks;
			sourceTree = "<group>";
		};
		B0689AFC1CC6F17900772EE8 = {
			isa = PBXGroup;
			children = (
				B0689B071CC6F17900772EE8 /* YourLocalWeather */,
				B0689B061CC6F17900772EE8 /* Products */,
				11276ECB697DFCC333CD282C /* Pods */,
				301507DD737EC5F4DDC50F8E /* Frameworks */,
			);
			sourceTree = "<group>";
		};
		B0689B061CC6F17900772EE8 /* Products */ = {
			isa = PBXGroup;
			children = (
				B0689B051CC6F17900772EE8 /* YourLocalWeather.app */,
			);
			name = Products;
			sourceTree = "<group>";
		};
		B0689B071CC6F17900772EE8 /* YourLocalWeather */ = {
			isa = PBXGroup;
			children = (
				B0689B081CC6F17900772EE8 /* AppDelegate.swift */,
				B0689B1D1CC6F23400772EE8 /* Controllers */,
				B0689B0C1CC6F17900772EE8 /* Main.storyboard */,
				B0689B121CC6F17900772EE8 /* Assets.xcassets */,
				B0689B141CC6F17900772EE8 /* LaunchScreen.storyboard */,
				B0689B171CC6F17900772EE8 /* Info.plist */,
				B0689B0F1CC6F17900772EE8 /* YourLocalWeather.xcdatamodeld */,
				B0334CD31CC9AB0500181CAE /* weather.swift */,
				B0334CD51CC9B70D00181CAE /* constants.swift */,
			);
			path = YourLocalWeather;
			sourceTree = "<group>";
		};
		B0689B1D1CC6F23400772EE8 /* Controllers */ = {
			isa = PBXGroup;
			children = (
				B0689B0A1CC6F17900772EE8 /* ViewController.swift */,
			);
			name = Controllers;
			sourceTree = "<group>";
		};
/* End PBXGroup section */

/* Begin PBXNativeTarget section */
		B0689B041CC6F17900772EE8 /* YourLocalWeather */ = {
			isa = PBXNativeTarget;
			buildConfigurationList = B0689B1A1CC6F17900772EE8 /* Build configuration list for PBXNativeTarget "YourLocalWeather" */;
			buildPhases = (
				59845F1E9EC16C6CF1600FC3 /* Check Pods Manifest.lock */,
				B0689B011CC6F17900772EE8 /* Sources */,
				B0689B021CC6F17900772EE8 /* Frameworks */,
				B0689B031CC6F17900772EE8 /* Resources */,
				F180B72959AFDB4D04496355 /* Embed Pods Frameworks */,
				C217C01CCE025288B5B6B7D0 /* Copy Pods Resources */,
			);
			buildRules = (
			);
			dependencies = (
			);
			name = YourLocalWeather;
			productName = YourLocalWeather;
			productReference = B0689B051CC6F17900772EE8 /* YourLocalWeather.app */;
			productType = "com.apple.product-type.application";
		};
/* End PBXNativeTarget section */

/* Begin PBXProject section */
		B0689AFD1CC6F17900772EE8 /* Project object */ = {
			isa = PBXProject;
			attributes = {
				LastSwiftUpdateCheck = 0730;
				LastUpgradeCheck = 0730;
				ORGANIZATIONNAME = "Joel Poe";
				TargetAttributes = {
					B0689B041CC6F17900772EE8 = {
						CreatedOnToolsVersion = 7.3;
					};
				};
			};
			buildConfigurationList = B0689B001CC6F17900772EE8 /* Build configuration list for PBXProject "YourLocalWeather" */;
			compatibilityVersion = "Xcode 3.2";
			developmentRegion = English;
			hasScannedForEncodings = 0;
			knownRegions = (
				en,
				Base,
			);
			mainGroup = B0689AFC1CC6F17900772EE8;
			productRefGroup = B0689B061CC6F17900772EE8 /* Products */;
			projectDirPath = "";
			projectRoot = "";
			targets = (
				B0689B041CC6F17900772EE8 /* YourLocalWeather */,
			);
		};
/* End PBXProject section */

/* Begin PBXResourcesBuildPhase section */
		B0689B031CC6F17900772EE8 /* Resources */ = {
			isa = PBXResourcesBuildPhase;
			buildActionMask = 2147483647;
			files = (
				B0689B161CC6F17900772EE8 /* LaunchScreen.storyboard in Resources */,
				B0689B131CC6F17900772EE8 /* Assets.xcassets in Resources */,
				B0689B0E1CC6F17900772EE8 /* Main.storyboard in Resources */,
			);
			runOnlyForDeploymentPostprocessing = 0;
		};
/* End PBXResourcesBuildPhase section */

/* Begin PBXShellScriptBuildPhase section */
		59845F1E9EC16C6CF1600FC3 /* Check Pods Manifest.lock */ = {
			isa = PBXShellScriptBuildPhase;
			buildActionMask = 2147483647;
			files = (
			);
			inputPaths = (
			);
			name = "Check Pods Manifest.lock";
			outputPaths = (
			);
			runOnlyForDeploymentPostprocessing = 0;
			shellPath = /bin/sh;
			shellScript = "diff \"${PODS_ROOT}/../Podfile.lock\" \"${PODS_ROOT}/Manifest.lock\" > /dev/null\nif [[ $? != 0 ]] ; then\n    cat << EOM\nerror: The sandbox is not in sync with the Podfile.lock. Run 'pod install' or update your CocoaPods installation.\nEOM\n    exit 1\nfi\n";
			showEnvVarsInLog = 0;
		};
		C217C01CCE025288B5B6B7D0 /* Copy Pods Resources */ = {
			isa = PBXShellScriptBuildPhase;
			buildActionMask = 2147483647;
			files = (
			);
			inputPaths = (
			);
			name = "Copy Pods Resources";
			outputPaths = (
			);
			runOnlyForDeploymentPostprocessing = 0;
			shellPath = /bin/sh;
			shellScript = "\"${SRCROOT}/Pods/Target Support Files/Pods-YourLocalWeather/Pods-YourLocalWeather-resources.sh\"\n";
			showEnvVarsInLog = 0;
		};
		F180B72959AFDB4D04496355 /* Embed Pods Frameworks */ = {
			isa = PBXShellScriptBuildPhase;
			buildActionMask = 2147483647;
			files = (
			);
			inputPaths = (
			);
			name = "Embed Pods Frameworks";
			outputPaths = (
			);
			runOnlyForDeploymentPostprocessing = 0;
			shellPath = /bin/sh;
			shellScript = "\"${SRCROOT}/Pods/Target Support Files/Pods-YourLocalWeather/Pods-YourLocalWeather-frameworks.sh\"\n";
			showEnvVarsInLog = 0;
		};
/* End PBXShellScriptBuildPhase section */

/* Begin PBXSourcesBuildPhase section */
		B0689B011CC6F17900772EE8 /* Sources */ = {
			isa = PBXSourcesBuildPhase;
			buildActionMask = 2147483647;
			files = (
				B0334CD41CC9AB0500181CAE /* weather.swift in Sources */,
				B0689B0B1CC6F17900772EE8 /* ViewController.swift in Sources */,
				B0689B091CC6F17900772EE8 /* AppDelegate.swift in Sources */,
				B0334CD61CC9B70D00181CAE /* constants.swift in Sources */,
				B0689B111CC6F17900772EE8 /* YourLocalWeather.xcdatamodeld in Sources */,
			);
			runOnlyForDeploymentPostprocessing = 0;
		};
/* End PBXSourcesBuildPhase section */

/* Begin PBXVariantGroup section */
		B0689B0C1CC6F17900772EE8 /* Main.storyboard */ = {
			isa = PBXVariantGroup;
			children = (
				B0689B0D1CC6F17900772EE8 /* Base */,
			);
			name = Main.storyboard;
			sourceTree = "<group>";
		};
		B0689B141CC6F17900772EE8 /* LaunchScreen.storyboard */ = {
			isa = PBXVariantGroup;
			children = (
				B0689B151CC6F17900772EE8 /* Base */,
			);
			name = LaunchScreen.storyboard;
			sourceTree = "<group>";
		};
/* End PBXVariantGroup section */

/* Begin XCBuildConfiguration section */
		B0689B181CC6F17900772EE8 /* Debug */ = {
			isa = XCBuildConfiguration;
			buildSettings = {
				ALWAYS_SEARCH_USER_PATHS = NO;
				CLANG_ANALYZER_NONNULL = YES;
				CLANG_CXX_LANGUAGE_STANDARD = "gnu++0x";
				CLANG_CXX_LIBRARY = "libc++";
				CLANG_ENABLE_MODULES = YES;
				CLANG_ENABLE_OBJC_ARC = YES;
				CLANG_WARN_BOOL_CONVERSION = YES;
				CLANG_WARN_CONSTANT_CONVERSION = YES;
				CLANG_WARN_DIRECT_OBJC_ISA_USAGE = YES_ERROR;
				CLANG_WARN_EMPTY_BODY = YES;
				CLANG_WARN_ENUM_CONVERSION = YES;
				CLANG_WARN_INT_CONVERSION = YES;
				CLANG_WARN_OBJC_ROOT_CLASS = YES_ERROR;
				CLANG_WARN_UNREACHABLE_CODE = YES;
				CLANG_WARN__DUPLICATE_METHOD_MATCH = YES;
				"CODE_SIGN_IDENTITY[sdk=iphoneos*]" = "iPhone Developer";
				COPY_PHASE_STRIP = NO;
				DEBUG_INFORMATION_FORMAT = dwarf;
				ENABLE_STRICT_OBJC_MSGSEND = YES;
				ENABLE_TESTABILITY = YES;
				GCC_C_LANGUAGE_STANDARD = gnu99;
				GCC_DYNAMIC_NO_PIC = NO;
				GCC_NO_COMMON_BLOCKS = YES;
				GCC_OPTIMIZATION_LEVEL = 0;
				GCC_PREPROCESSOR_DEFINITIONS = (
					"DEBUG=1",
					"$(inherited)",
				);
				GCC_WARN_64_TO_32_BIT_CONVERSION = YES;
				GCC_WARN_ABOUT_RETURN_TYPE = YES_ERROR;
				GCC_WARN_UNDECLARED_SELECTOR = YES;
				GCC_WARN_UNINITIALIZED_AUTOS = YES_AGGRESSIVE;
				GCC_WARN_UNUSED_FUNCTION = YES;
				GCC_WARN_UNUSED_VARIABLE = YES;
				IPHONEOS_DEPLOYMENT_TARGET = 9.3;
				MTL_ENABLE_DEBUG_INFO = YES;
				ONLY_ACTIVE_ARCH = YES;
				SDKROOT = iphoneos;
				SWIFT_OPTIMIZATION_LEVEL = "-Onone";
				TARGETED_DEVICE_FAMILY = "1,2";
			};
			name = Debug;
		};
		B0689B191CC6F17900772EE8 /* Release */ = {
			isa = XCBuildConfiguration;
			buildSettings = {
				ALWAYS_SEARCH_USER_PATHS = NO;
				CLANG_ANALYZER_NONNULL = YES;
				CLANG_CXX_LANGUAGE_STANDARD = "gnu++0x";
				CLANG_CXX_LIBRARY = "libc++";
				CLANG_ENABLE_MODULES = YES;
				CLANG_ENABLE_OBJC_ARC = YES;
				CLANG_WARN_BOOL_CONVERSION = YES;
				CLANG_WARN_CONSTANT_CONVERSION = YES;
				CLANG_WARN_DIRECT_OBJC_ISA_USAGE = YES_ERROR;
				CLANG_WARN_EMPTY_BODY = YES;
				CLANG_WARN_ENUM_CONVERSION = YES;
				CLANG_WARN_INT_CONVERSION = YES;
				CLANG_WARN_OBJC_ROOT_CLASS = YES_ERROR;
				CLANG_WARN_UNREACHABLE_CODE = YES;
				CLANG_WARN__DUPLICATE_METHOD_MATCH = YES;
				"CODE_SIGN_IDENTITY[sdk=iphoneos*]" = "iPhone Developer";
				COPY_PHASE_STRIP = NO;
				DEBUG_INFORMATION_FORMAT = "dwarf-with-dsym";
				ENABLE_NS_ASSERTIONS = NO;
				ENABLE_STRICT_OBJC_MSGSEND = YES;
				GCC_C_LANGUAGE_STANDARD = gnu99;
				GCC_NO_COMMON_BLOCKS = YES;
				GCC_WARN_64_TO_32_BIT_CONVERSION = YES;
				GCC_WARN_ABOUT_RETURN_TYPE = YES_ERROR;
				GCC_WARN_UNDECLARED_SELECTOR = YES;
				GCC_WARN_UNINITIALIZED_AUTOS = YES_AGGRESSIVE;
				GCC_WARN_UNUSED_FUNCTION = YES;
				GCC_WARN_UNUSED_VARIABLE = YES;
				IPHONEOS_DEPLOYMENT_TARGET = 9.3;
				MTL_ENABLE_DEBUG_INFO = NO;
				SDKROOT = iphoneos;
				TARGETED_DEVICE_FAMILY = "1,2";
				VALIDATE_PRODUCT = YES;
			};
			name = Release;
		};
		B0689B1B1CC6F17900772EE8 /* Debug */ = {
			isa = XCBuildConfiguration;
			baseConfigurationReference = E148B1866B05E21C1BC73DA8 /* Pods-YourLocalWeather.debug.xcconfig */;
			buildSettings = {
				ASSETCATALOG_COMPILER_APPICON_NAME = AppIcon;
				INFOPLIST_FILE = YourLocalWeather/Info.plist;
				IPHONEOS_DEPLOYMENT_TARGET = 9.0;
				LD_RUNPATH_SEARCH_PATHS = "$(inherited) @executable_path/Frameworks";
				PRODUCT_BUNDLE_IDENTIFIER = com.joelpoe.YourLocalWeather;
				PRODUCT_NAME = "$(TARGET_NAME)";
			};
			name = Debug;
		};
		B0689B1C1CC6F17900772EE8 /* Release */ = {
			isa = XCBuildConfiguration;
			baseConfigurationReference = 6D3B83DE39EC7E1F57C30250 /* Pods-YourLocalWeather.release.xcconfig */;
			buildSettings = {
				ASSETCATALOG_COMPILER_APPICON_NAME = AppIcon;
				INFOPLIST_FILE = YourLocalWeather/Info.plist;
				IPHONEOS_DEPLOYMENT_TARGET = 9.0;
				LD_RUNPATH_SEARCH_PATHS = "$(inherited) @executable_path/Frameworks";
				PRODUCT_BUNDLE_IDENTIFIER = com.joelpoe.YourLocalWeather;
				PRODUCT_NAME = "$(TARGET_NAME)";
			};
			name = Release;
		};
/* End XCBuildConfiguration section */

/* Begin XCConfigurationList section */
		B0689B001CC6F17900772EE8 /* Build configuration list for PBXProject "YourLocalWeather" */ = {
			isa = XCConfigurationList;
			buildConfigurations = (
				B0689B181CC6F17900772EE8 /* Debug */,
				B0689B191CC6F17900772EE8 /* Release */,
			);
			defaultConfigurationIsVisible = 0;
			defaultConfigurationName = Release;
		};
		B0689B1A1CC6F17900772EE8 /* Build configuration list for PBXNativeTarget "YourLocalWeather" */ = {
			isa = XCConfigurationList;
			buildConfigurations = (
				B0689B1B1CC6F17900772EE8 /* Debug */,
				B0689B1C1CC6F17900772EE8 /* Release */,
			);
			defaultConfigurationIsVisible = 0;
			defaultConfigurationName = Release;
		};
/* End XCConfigurationList section */

/* Begin XCVersionGroup section */
		B0689B0F1CC6F17900772EE8 /* YourLocalWeather.xcdatamodeld */ = {
			isa = XCVersionGroup;
			children = (
				B0689B101CC6F17900772EE8 /* YourLocalWeather.xcdatamodel */,
			);
			currentVersion = B0689B101CC6F17900772EE8 /* YourLocalWeather.xcdatamodel */;
			path = YourLocalWeather.xcdatamodeld;
			sourceTree = "<group>";
			versionGroupType = wrapper.xcdatamodel;
		};
/* End XCVersionGroup section */
	};
	rootObject = B0689AFD1CC6F17900772EE8 /* Project object */;
}
